
Microsoft Visual Studio Solution File, Format Version 12.00
# Visual Studio 15
VisualStudioVersion = 15.0.27130.2024
MinimumVisualStudioVersion = 10.0.40219.1
Project("{FAE04EC0-301F-11D3-BF4B-00C04F79EFBC}") = "FileSystemLister", "FileSystemLister\FileSystemLister.csproj", "{CEA8666B-EFE7-413E-BF38-194A6097F31E}"
EndProject
Global
	GlobalSection(SolutionConfigurationPlatforms) = preSolution
		Debug|Any CPU = Debug|Any CPU
		Release|Any CPU = Release|Any CPU
	EndGlobalSection
	GlobalSection(ProjectConfigurationPlatforms) = postSolution
		{CEA8666B-EFE7-413E-BF38-194A6097F31E}.Debug|Any CPU.ActiveCfg = Debug|Any CPU
		{CEA8666B-EFE7-413E-BF38-194A6097F31E}.Debug|Any CPU.Build.0 = Debug|Any CPU
		{CEA8666B-EFE7-413E-BF38-194A6097F31E}.Release|Any CPU.ActiveCfg = Release|Any CPU
		{CEA8666B-EFE7-413E-BF38-194A6097F31E}.Release|Any CPU.Build.0 = Release|Any CPU
	EndGlobalSection
	GlobalSection(SolutionProperties) = preSolution
		HideSolutionNode = FALSE
	EndGlobalSection
	GlobalSection(ExtensibilityGlobals) = postSolution
		SolutionGuid = {B4AEDF8B-9009-441E-B1BC-58A8753EBD29}
	EndGlobalSection
EndGlobal
